
Microsoft Visual Studio Solution File, Format Version 12.00
# Visual Studio Version 17
VisualStudioVersion = 17.8.34408.163
MinimumVisualStudioVersion = 10.0.40219.1
Project("{FAE04EC0-301F-11D3-BF4B-00C04F79EFBC}") = "GitFun", "GitFun.csproj", "{DC6E5FF8-D926-4C35-9A40-15E4A5AE4E17}"
EndProject
Global
	GlobalSection(SolutionConfigurationPlatforms) = preSolution
		Debug|Any CPU = Debug|Any CPU
		Release|Any CPU = Release|Any CPU
	EndGlobalSection
	GlobalSection(ProjectConfigurationPlatforms) = postSolution
		{DC6E5FF8-D926-4C35-9A40-15E4A5AE4E17}.Debug|Any CPU.ActiveCfg = Debug|Any CPU
		{DC6E5FF8-D926-4C35-9A40-15E4A5AE4E17}.Debug|Any CPU.Build.0 = Debug|Any CPU
		{DC6E5FF8-D926-4C35-9A40-15E4A5AE4E17}.Release|Any CPU.ActiveCfg = Release|Any CPU
		{DC6E5FF8-D926-4C35-9A40-15E4A5AE4E17}.Release|Any CPU.Build.0 = Release|Any CPU
	EndGlobalSection
	GlobalSection(SolutionProperties) = preSolution
		HideSolutionNode = FALSE
	EndGlobalSection
	GlobalSection(ExtensibilityGlobals) = postSolution
		SolutionGuid = {A9415CEC-91C3-4E03-9563-88D35DE3861F}
	EndGlobalSection
EndGlobal
